github.com/Redundancy/go-sync v0.0.0-20160424152509-8931874cad5c h1:/khnqZBYJRz+PbvpKZRhFEzjwZgCIAgwIeQBsA4m1MA=
github.com/Redundancy/go-sync v0.0.0-20160424152509-8931874cad5c/go.mod h1:5Bmgf0ZQ/uM/czHDWPQvkArJK6sk12/7KffehZ67Vxw=
github.com/codegangsta/inject v0.0.0-20150114235600-33e0aa1cb7c0 h1:sDMmm+q/3+BukdIpxwO365v/Rbspp2Nt5XntgQRXq8Q=
github.com/codegangsta/inject v0.0.0-20150114235600-33e0aa1cb7c0/go.mod h1:4Zcjuz89kmFXt9morQgcfYZAYZ5n8WHjt81YYWIwtTM=
github.com/codeskyblue/go-sh v0.0.0-20190412065543-76bd3d59ff27 h1:HHUr4P/aKh4quafGxDT9LDasjGdlGkzLbfmmrlng3kA=
github.com/codeskyblue/go-sh v0.0.0-20190412065543-76bd3d59ff27/go.mod h1:VQx0hjo2oUeQkQUET7wRwradO6f+fN5jzXgB/zROxxE=
github.com/davecgh/go-spew v0.0.0-20161028175848-04cdfd42973b/go.mod h1:J7Y8YcW2NihsgmVo/mv3lAwl/skON4iLHjSsI+c5H38=
github.com/google/codesearch v1.1.0 h1:16XNvHHm5JIymVjk2eyYspEv9Tlp/BTdBW7+e0AkZng=
github.com/google/codesearch v1.1.0/go.mod h1:qCnXDFnak/trCmLaE50kgPte3AX9jSeruZexWEOivi0=
github.com/petar/GoLLRB v0.0.0-20190514000832-33fb24c13b99 h1:KcEvVBAvyHkUdFAygKAzwB6LAcZ6LS32WHmRD2VyXMI=
github.com/petar/GoLLRB v0.0.0-20190514000832-33fb24c13b99/go.mod h1:HUpKUBZnpzkdx0kD/+Yfuft+uD3zHGtXF/XJB14TUr4=
github.com/pmezard/go-difflib v0.0.0-20151028094244-d8ed2627bdf0/go.mod h1:iKH77koFhYxTK1pcRnkKkqfTogsbg7gZNVY4sRDYZ/4=
github.com/rjkroege/go-sync v0.0.1 h1:z5hgqku9aubX0MhxVZofiDSDwxj6ywPWjIcftFIpGOg=
github.com/rjkroege/go-sync v0.0.1/go.mod h1:Xx8HVuLMQKQcR4BGIOKFkUYI1QXlxBQhZ6oB/erLIFU=
github.com/sanity-io/litter v1.2.0 h1:DGJO0bxH/+C2EukzOSBmAlxmkhVMGqzvcx/rvySYw9M=
github.com/sanity-io/litter v1.2.0/go.mod h1:JF6pZUFgu2Q0sBZ+HSV35P8TVPI1TTzEwyu9FXAw2W4=
github.com/stretchr/testify v0.0.0-20161117074351-18a02ba4a312/go.mod h1:a8OnRcib4nhh0OaRAV+Yts87kKdq0PP7pXfy6kDkUVs=
